# THIS IS AN AUTOGENERATED FILE. DO NOT EDIT THIS FILE DIRECTLY.
# yarn lockfile v1


web-long-press@^1.0.0:
  version "1.0.2"
  resolved "https://registry.npmjs.org/web-long-press/-/web-long-press-1.0.2.tgz#ac3089d86cb42620687e7df94dd966c7112905f9"
  integrity sha512-7aw6274S0QHFTzSZIjubT5Ux3vMb8A9jKyCH+jSCDQTtxqS13tzLJddq4lWzs91HIVB4m6uhRzknyGiCCBx80w==
